
Microsoft Visual Studio Solution File, Format Version 12.00
# Visual Studio 15
VisualStudioVersion = 15.0.28010.2048
MinimumVisualStudioVersion = 10.0.40219.1
Project("{FAE04EC0-301F-11D3-BF4B-00C04F79EFBC}") = "MyScriptureJournal", "MyScriptureJournal\MyScriptureJournal.csproj", "{AEB1704B-78C1-42A9-B064-B39230EE6397}"
EndProject
Global
	GlobalSection(SolutionConfigurationPlatforms) = preSolution
		Debug|Any CPU = Debug|Any CPU
		Release|Any CPU = Release|Any CPU
	EndGlobalSection
	GlobalSection(ProjectConfigurationPlatforms) = postSolution
		{AEB1704B-78C1-42A9-B064-B39230EE6397}.Debug|Any CPU.ActiveCfg = Debug|Any CPU
		{AEB1704B-78C1-42A9-B064-B39230EE6397}.Debug|Any CPU.Build.0 = Debug|Any CPU
		{AEB1704B-78C1-42A9-B064-B39230EE6397}.Release|Any CPU.ActiveCfg = Release|Any CPU
		{AEB1704B-78C1-42A9-B064-B39230EE6397}.Release|Any CPU.Build.0 = Release|Any CPU
	EndGlobalSection
	GlobalSection(SolutionProperties) = preSolution
		HideSolutionNode = FALSE
	EndGlobalSection
	GlobalSection(ExtensibilityGlobals) = postSolution
		SolutionGuid = {AE48A9C2-29E1-45B5-BCE0-3DFD50D3C3B7}
	EndGlobalSection
EndGlobal
